{
  "name": "nr1-victory-visualizations",
  "version": "1.0.0",
  "lockfileVersion": 1,
  "requires": true,
  "dependencies": {
    "@babel/runtime": {
      "version": "7.14.0",
      "resolved": "https://registry.npmjs.org/@babel/runtime/-/runtime-7.14.0.tgz",
      "integrity": "sha512-JELkvo/DlpNdJ7dlyw/eY7E0suy5i5GQH+Vlxaq1nsNJ+H7f4Vtv3jMeCEgRhZZQFXTjldYfQgv2qmM6M1v5wA==",
      "requires": {
        "regenerator-runtime": "^0.13.4"
      }
    },
    "@types/d3-path": {
      "version": "1.0.9",
      "resolved": "https://registry.npmjs.org/@types/d3-path/-/d3-path-1.0.9.tgz",
      "integrity": "sha512-NaIeSIBiFgSC6IGUBjZWcscUJEq7vpVu7KthHN8eieTV9d9MqkSOZLH4chq1PmcKy06PNe3axLeKmRIyxJ+PZQ=="
    },
    "@types/d3-scale": {
      "version": "3.2.2",
      "resolved": "https://registry.npmjs.org/@types/d3-scale/-/d3-scale-3.2.2.tgz",
      "integrity": "sha512-qpQe8G02tzUwt9sdWX1h8A/W0Q1+N48wMnYXVOkrzeLUkCfvzJYV9Ee3aORCS4dN4ONRLFmMvaXdziQ29XGLjQ==",
      "requires": {
        "@types/d3-time": "*"
      }
    },
    "@types/d3-shape": {
      "version": "2.0.0",
      "resolved": "https://registry.npmjs.org/@types/d3-shape/-/d3-shape-2.0.0.tgz",
      "integrity": "sha512-NLzD02m5PiD1KLEDjLN+MtqEcFYn4ZL9+Rqc9ZwARK1cpKZXd91zBETbe6wpBB6Ia0D0VZbpmbW3+BsGPGnCpA==",
      "requires": {
        "@types/d3-path": "^1"
      }
    },
    "@types/d3-time": {
      "version": "2.0.0",
      "resolved": "https://registry.npmjs.org/@types/d3-time/-/d3-time-2.0.0.tgz",
      "integrity": "sha512-Abz8bTzy8UWDeYs9pCa3D37i29EWDjNTjemdk0ei1ApYVNqulYlGUKip/jLOpogkPSsPz/GvZCYiC7MFlEk0iQ=="
    },
    "@types/resize-observer-browser": {
      "version": "0.1.5",
      "resolved": "https://registry.npmjs.org/@types/resize-observer-browser/-/resize-observer-browser-0.1.5.tgz",
      "integrity": "sha512-8k/67Z95Goa6Lznuykxkfhq9YU3l1Qe6LNZmwde1u7802a3x8v44oq0j91DICclxatTr0rNnhXx7+VTIetSrSQ=="
    },
    "classnames": {
      "version": "2.3.1",
      "resolved": "https://registry.npmjs.org/classnames/-/classnames-2.3.1.tgz",
      "integrity": "sha512-OlQdbZ7gLfGarSqxesMesDa5uz7KFbID8Kpq/SxIoNGDqY8lSYs0D+hhtBXhcdB3rcbXArFr7vlHheLk1voeNA=="
    },
    "css-unit-converter": {
      "version": "1.1.2",
      "resolved": "https://registry.npmjs.org/css-unit-converter/-/css-unit-converter-1.1.2.tgz",
      "integrity": "sha512-IiJwMC8rdZE0+xiEZHeru6YoONC4rfPMqGm2W85jMIbkFvv5nFTwJVFHam2eFrN6txmoUYFAFXiv8ICVeTO0MA=="
    },
    "d3-array": {
      "version": "1.2.4",
      "resolved": "https://registry.npmjs.org/d3-array/-/d3-array-1.2.4.tgz",
      "integrity": "sha512-KHW6M86R+FUPYGb3R5XiYjXPq7VzwxZ22buHhAEVG5ztoEcZZMLov530mmccaqA1GghZArjQV46fuc8kUqhhHw=="
    },
    "d3-collection": {
      "version": "1.0.7",
      "resolved": "https://registry.npmjs.org/d3-collection/-/d3-collection-1.0.7.tgz",
      "integrity": "sha512-ii0/r5f4sjKNTfh84Di+DpztYwqKhEyUlKoPrzUFfeSkWxjW49xU2QzO9qrPrNkpdI0XJkfzvmTu8V2Zylln6A=="
    },
    "d3-color": {
      "version": "1.4.1",
      "resolved": "https://registry.npmjs.org/d3-color/-/d3-color-1.4.1.tgz",
      "integrity": "sha512-p2sTHSLCJI2QKunbGb7ocOh7DgTAn8IrLx21QRc/BSnodXM4sv6aLQlnfpvehFMLZEfBc6g9pH9SWQccFYfJ9Q=="
    },
    "d3-ease": {
      "version": "1.0.7",
      "resolved": "https://registry.npmjs.org/d3-ease/-/d3-ease-1.0.7.tgz",
      "integrity": "sha512-lx14ZPYkhNx0s/2HX5sLFUI3mbasHjSSpwO/KaaNACweVwxUruKyWVcb293wMv1RqTPZyZ8kSZ2NogUZNcLOFQ=="
    },
    "d3-format": {
      "version": "1.4.5",
      "resolved": "https://registry.npmjs.org/d3-format/-/d3-format-1.4.5.tgz",
      "integrity": "sha512-J0piedu6Z8iB6TbIGfZgDzfXxUFN3qQRMofy2oPdXzQibYGqPB/9iMcxr/TGalU+2RsyDO+U4f33id8tbnSRMQ=="
    },
    "d3-interpolate": {
      "version": "1.4.0",
      "resolved": "https://registry.npmjs.org/d3-interpolate/-/d3-interpolate-1.4.0.tgz",
      "integrity": "sha512-V9znK0zc3jOPV4VD2zZn0sDhZU3WAE2bmlxdIwwQPPzPjvyLkd8B3JUVdS1IDUFDkWZ72c9qnv1GK2ZagTZ8EA==",
      "requires": {
        "d3-color": "1"
      }
    },
    "d3-path": {
      "version": "1.0.9",
      "resolved": "https://registry.npmjs.org/d3-path/-/d3-path-1.0.9.tgz",
      "integrity": "sha512-VLaYcn81dtHVTjEHd8B+pbe9yHWpXKZUC87PzoFmsFrJqgFwDe/qxfp5MlfsfM1V5E/iVt0MmEbWQ7FVIXh/bg=="
    },
    "d3-scale": {
      "version": "1.0.7",
      "resolved": "https://registry.npmjs.org/d3-scale/-/d3-scale-1.0.7.tgz",
      "integrity": "sha512-KvU92czp2/qse5tUfGms6Kjig0AhHOwkzXG0+PqIJB3ke0WUv088AHMZI0OssO9NCkXt4RP8yju9rpH8aGB7Lw==",
      "requires": {
        "d3-array": "^1.2.0",
        "d3-collection": "1",
        "d3-color": "1",
        "d3-format": "1",
        "d3-interpolate": "1",
        "d3-time": "1",
        "d3-time-format": "2"
      }
    },
    "d3-shape": {
      "version": "1.3.7",
      "resolved": "https://registry.npmjs.org/d3-shape/-/d3-shape-1.3.7.tgz",
      "integrity": "sha512-EUkvKjqPFUAZyOlhY5gzCxCeI0Aep04LwIRpsZ/mLFelJiUfnK56jo5JMDSE7yyP2kLSb6LtF+S5chMk7uqPqw==",
      "requires": {
        "d3-path": "1"
      }
    },
    "d3-time": {
      "version": "1.1.0",
      "resolved": "https://registry.npmjs.org/d3-time/-/d3-time-1.1.0.tgz",
      "integrity": "sha512-Xh0isrZ5rPYYdqhAVk8VLnMEidhz5aP7htAADH6MfzgmmicPkTo8LhkLxci61/lCB7n7UmE3bN0leRt+qvkLxA=="
    },
    "d3-time-format": {
      "version": "2.3.0",
      "resolved": "https://registry.npmjs.org/d3-time-format/-/d3-time-format-2.3.0.tgz",
      "integrity": "sha512-guv6b2H37s2Uq/GefleCDtbe0XZAuy7Wa49VGkPVPMfLL9qObgBST3lEHJBMUp8S7NdLQAGIvr2KXk8Hc98iKQ==",
      "requires": {
        "d3-time": "1"
      }
    },
    "d3-timer": {
      "version": "1.0.10",
      "resolved": "https://registry.npmjs.org/d3-timer/-/d3-timer-1.0.10.tgz",
      "integrity": "sha512-B1JDm0XDaQC+uvo4DT79H0XmBskgS3l6Ve+1SBCfxgmtIb1AVrPIoqd+nPSv+loMX8szQ0sVUhGngL7D5QPiXw=="
    },
    "d3-voronoi": {
      "version": "1.1.4",
      "resolved": "https://registry.npmjs.org/d3-voronoi/-/d3-voronoi-1.1.4.tgz",
      "integrity": "sha512-dArJ32hchFsrQ8uMiTBLq256MpnZjeuBtdHpaDlYuQyjU0CVzCJl/BVW+SkszaAeH95D/8gxqAhgx0ouAWAfRg=="
    },
    "decimal.js-light": {
      "version": "2.5.1",
      "resolved": "https://registry.npmjs.org/decimal.js-light/-/decimal.js-light-2.5.1.tgz",
      "integrity": "sha512-qIMFpTMZmny+MMIitAB6D7iVPEorVw6YQRWkvarTkT4tBeSLLiHzcwj6q0MmYSFCiVpiqPJTJEYIrpcPzVEIvg=="
    },
    "delaunator": {
      "version": "4.0.1",
      "resolved": "https://registry.npmjs.org/delaunator/-/delaunator-4.0.1.tgz",
      "integrity": "sha512-WNPWi1IRKZfCt/qIDMfERkDp93+iZEmOxN2yy4Jg+Xhv8SLk2UTqqbe1sfiipn0and9QrE914/ihdx82Y/Giag=="
    },
    "delaunay-find": {
      "version": "0.0.5",
      "resolved": "https://registry.npmjs.org/delaunay-find/-/delaunay-find-0.0.5.tgz",
      "integrity": "sha512-7yAJ/wmKWj3SgqjtkGqT/RCwI0HWAo5YnHMoF5nYXD8cdci+YSo23iPmgrZUNOpDxRWN91PqxUvMMr2lKpjr+w==",
      "requires": {
        "delaunator": "^4.0.0"
      }
    },
    "dom-helpers": {
      "version": "3.4.0",
      "resolved": "https://registry.npmjs.org/dom-helpers/-/dom-helpers-3.4.0.tgz",
      "integrity": "sha512-LnuPJ+dwqKDIyotW1VzmOZ5TONUN7CwkCR5hrgawTUbkBGYdeoNLZo6nNfGkCrjtE1nXXaj7iMMpDa8/d9WoIA==",
      "requires": {
        "@babel/runtime": "^7.1.2"
      }
    },
    "eventemitter3": {
      "version": "4.0.7",
      "resolved": "https://registry.npmjs.org/eventemitter3/-/eventemitter3-4.0.7.tgz",
      "integrity": "sha512-8guHBZCwKnFhYdHr2ysuRWErTwhoN2X8XELRlrRwpmfeY2jjuUN4taQMsULKUVo1K4DvZl+0pgfyoysHxvmvEw=="
    },
    "fast-equals": {
      "version": "2.0.3",
      "resolved": "https://registry.npmjs.org/fast-equals/-/fast-equals-2.0.3.tgz",
      "integrity": "sha512-0EMw4TTUxsMDpDkCg0rXor2gsg+npVrMIHbEhvD0HZyIhUX6AktC/yasm+qKwfyswd06Qy95ZKk8p2crTo0iPA=="
    },
    "internmap": {
      "version": "1.0.1",
      "resolved": "https://registry.npmjs.org/internmap/-/internmap-1.0.1.tgz",
      "integrity": "sha512-lDB5YccMydFBtasVtxnZ3MRBHuaoE8GKsppq+EchKL2U4nK/DmEpPHNH8MZe5HkMtpSiTSOZwfN0tzYjO/lJEw=="
    },
    "js-tokens": {
      "version": "4.0.0",
      "resolved": "https://registry.npmjs.org/js-tokens/-/js-tokens-4.0.0.tgz",
      "integrity": "sha512-RdJUflcE3cUzKiMqQgsCu06FPu9UdIJO0beYbPhHN4k6apgJtifcoCtT9bcxOpYBtpD2kCM6Sbzg4CausW/PKQ=="
    },
    "json-stringify-safe": {
      "version": "5.0.1",
      "resolved": "https://registry.npmjs.org/json-stringify-safe/-/json-stringify-safe-5.0.1.tgz",
      "integrity": "sha1-Epai1Y/UXxmg9s4B1lcB4sc1tus="
    },
    "lodash": {
      "version": "4.17.21",
      "resolved": "https://registry.npmjs.org/lodash/-/lodash-4.17.21.tgz",
      "integrity": "sha512-v2kDEe57lecTulaDIuNTPy3Ry4gLGJ6Z1O3vE1krgXZNrsQ+LFTGHVxVjcXPs17LhbZVGedAJv8XZ1tvj5FvSg=="
    },
    "lodash.debounce": {
      "version": "4.0.8",
      "resolved": "https://registry.npmjs.org/lodash.debounce/-/lodash.debounce-4.0.8.tgz",
      "integrity": "sha1-gteb/zCmfEAF/9XiUVMArZyk168="
    },
    "lodash.throttle": {
      "version": "4.1.1",
      "resolved": "https://registry.npmjs.org/lodash.throttle/-/lodash.throttle-4.1.1.tgz",
      "integrity": "sha1-wj6RtxAkKscMN/HhzaknTMOb8vQ="
    },
    "loose-envify": {
      "version": "1.4.0",
      "resolved": "https://registry.npmjs.org/loose-envify/-/loose-envify-1.4.0.tgz",
      "integrity": "sha512-lyuxPGr/Wfhrlem2CL/UcnUc1zcqKAImBDzukY7Y5F/yQiNdko6+fRLevlw1HgMySw7f611UIY408EtxRSoK3Q==",
      "requires": {
        "js-tokens": "^3.0.0 || ^4.0.0"
      }
    },
    "object-assign": {
      "version": "4.1.1",
      "resolved": "https://registry.npmjs.org/object-assign/-/object-assign-4.1.1.tgz",
      "integrity": "sha1-IQmtx5ZYh8/AXLvUQsrIv7s2CGM="
    },
    "performance-now": {
      "version": "2.1.0",
      "resolved": "https://registry.npmjs.org/performance-now/-/performance-now-2.1.0.tgz",
      "integrity": "sha1-Ywn04OX6kT7BxpMHrjZLSzd8nns="
    },
    "postcss-value-parser": {
      "version": "3.3.1",
      "resolved": "https://registry.npmjs.org/postcss-value-parser/-/postcss-value-parser-3.3.1.tgz",
      "integrity": "sha512-pISE66AbVkp4fDQ7VHBwRNXzAAKJjw4Vw7nWI/+Q3vuly7SNfgYXvm6i5IgFylHGK5sP/xHAbB7N49OS4gWNyQ=="
    },
    "prettier": {
      "version": "2.2.1",
      "resolved": "https://registry.npmjs.org/prettier/-/prettier-2.2.1.tgz",
      "integrity": "sha512-PqyhM2yCjg/oKkFPtTGUojv7gnZAoG80ttl45O6x2Ug/rMJw4wcc9k6aaf2hibP7BGVCCM33gZoGjyvt9mm16Q==",
      "dev": true
    },
    "prop-types": {
      "version": "15.7.2",
      "resolved": "https://registry.npmjs.org/prop-types/-/prop-types-15.7.2.tgz",
      "integrity": "sha512-8QQikdH7//R2vurIJSutZ1smHYTcLpRWEOlHnzcWHmBYrOGUysKwSsrC89BCiFj3CbrfJ/nXFdJepOVrY1GCHQ==",
      "requires": {
        "loose-envify": "^1.4.0",
        "object-assign": "^4.1.1",
        "react-is": "^16.8.1"
      }
    },
    "raf": {
      "version": "3.4.1",
      "resolved": "https://registry.npmjs.org/raf/-/raf-3.4.1.tgz",
      "integrity": "sha512-Sq4CW4QhwOHE8ucn6J34MqtZCeWFP2aQSmrlroYgqAV1PjStIhJXxYuTgUIfkEk7zTLjmIjLmU5q+fbD1NnOJA==",
      "requires": {
        "performance-now": "^2.1.0"
      }
    },
    "react": {
      "version": "16.14.0",
      "resolved": "https://registry.npmjs.org/react/-/react-16.14.0.tgz",
      "integrity": "sha512-0X2CImDkJGApiAlcf0ODKIneSwBPhqJawOa5wCtKbu7ZECrmS26NvtSILynQ66cgkT/RJ4LidJOc3bUESwmU8g==",
      "requires": {
        "loose-envify": "^1.1.0",
        "object-assign": "^4.1.1",
        "prop-types": "^15.6.2"
      }
    },
    "react-dom": {
      "version": "16.14.0",
      "resolved": "https://registry.npmjs.org/react-dom/-/react-dom-16.14.0.tgz",
      "integrity": "sha512-1gCeQXDLoIqMgqD3IO2Ah9bnf0w9kzhwN5q4FGnHZ67hBm9yePzB5JJAIQCc8x3pFnNlwFq4RidZggNAAkzWWw==",
      "requires": {
        "loose-envify": "^1.1.0",
        "object-assign": "^4.1.1",
        "prop-types": "^15.6.2",
        "scheduler": "^0.19.1"
      }
    },
    "react-fast-compare": {
      "version": "2.0.4",
      "resolved": "https://registry.npmjs.org/react-fast-compare/-/react-fast-compare-2.0.4.tgz",
      "integrity": "sha512-suNP+J1VU1MWFKcyt7RtjiSWUjvidmQSlqu+eHslq+342xCbGTYmC0mEhPCOHxlW0CywylOC1u2DFAT+bv4dBw=="
    },
    "react-is": {
      "version": "16.13.1",
      "resolved": "https://registry.npmjs.org/react-is/-/react-is-16.13.1.tgz",
      "integrity": "sha512-24e6ynE2H+OKt4kqsOvNd8kBpV65zoxbA4BVsEOB3ARVWQki/DHzaUoC5KuON/BiccDaCCTZBuOcfZs70kR8bQ=="
    },
    "react-lifecycles-compat": {
      "version": "3.0.4",
      "resolved": "https://registry.npmjs.org/react-lifecycles-compat/-/react-lifecycles-compat-3.0.4.tgz",
      "integrity": "sha512-fBASbA6LnOU9dOU2eW7aQ8xmYBSXUIWr+UmF9b1efZBazGNO+rcXT/icdKnYm2pTwcRylVUYwW7H1PHfLekVzA=="
    },
    "react-resize-detector": {
      "version": "6.7.1",
      "resolved": "https://registry.npmjs.org/react-resize-detector/-/react-resize-detector-6.7.1.tgz",
      "integrity": "sha512-54l8LWPBIRdtv0I/W/fMkmtgWX0mUIxKKAJKKimihNFueXtHuElDdXDyinQRmV7iku99AoyrSAhkCU/zjFG5+Q==",
      "requires": {
        "@types/resize-observer-browser": "^0.1.5",
        "lodash.debounce": "^4.0.8",
        "lodash.throttle": "^4.1.1",
        "resize-observer-polyfill": "^1.5.1"
      }
    },
    "react-smooth": {
      "version": "2.0.0",
      "resolved": "https://registry.npmjs.org/react-smooth/-/react-smooth-2.0.0.tgz",
      "integrity": "sha512-wK4dBBR6P21otowgMT9toZk+GngMplGS1O5gk+2WSiHEXIrQgDvhR5IIlT74Vtu//qpTcipkgo21dD7a7AUNxw==",
      "requires": {
        "fast-equals": "^2.0.0",
        "raf": "^3.4.0",
        "react-transition-group": "2.9.0"
      }
    },
    "react-transition-group": {
      "version": "2.9.0",
      "resolved": "https://registry.npmjs.org/react-transition-group/-/react-transition-group-2.9.0.tgz",
      "integrity": "sha512-+HzNTCHpeQyl4MJ/bdE0u6XRMe9+XG/+aL4mCxVN4DnPBQ0/5bfHWPDuOZUzYdMj94daZaZdCCc1Dzt9R/xSSg==",
      "requires": {
        "dom-helpers": "^3.4.0",
        "loose-envify": "^1.4.0",
        "prop-types": "^15.6.2",
        "react-lifecycles-compat": "^3.0.4"
      }
    },
    "recharts": {
      "version": "2.0.9",
      "resolved": "https://registry.npmjs.org/recharts/-/recharts-2.0.9.tgz",
      "integrity": "sha512-JNsXE80PuF3hugUCE7JqDOMSvu5xQLxtjOaqFKKZI2pCJ1PVJzhwDv4TWk0nO4AvADbeWzYEHbg8C5Hcrh42UA==",
      "requires": {
        "@types/d3-scale": "^3.0.0",
        "@types/d3-shape": "^2.0.0",
        "classnames": "^2.2.5",
        "d3-interpolate": "^2.0.1",
        "d3-scale": "^3.2.3",
        "d3-shape": "^2.0.0",
        "eventemitter3": "^4.0.1",
        "lodash": "^4.17.19",
        "react-is": "16.10.2",
        "react-resize-detector": "^6.6.3",
        "react-smooth": "^2.0.0",
        "recharts-scale": "^0.4.4",
        "reduce-css-calc": "^2.1.8"
      },
      "dependencies": {
        "d3-array": {
          "version": "2.12.1",
          "resolved": "https://registry.npmjs.org/d3-array/-/d3-array-2.12.1.tgz",
          "integrity": "sha512-B0ErZK/66mHtEsR1TkPEEkwdy+WDesimkM5gpZr5Dsg54BiTA5RXtYW5qTLIAcekaS9xfZrzBLF/OAkB3Qn1YQ==",
          "requires": {
            "internmap": "^1.0.0"
          }
        },
        "d3-interpolate": {
          "version": "2.0.1",
          "resolved": "https://registry.npmjs.org/d3-interpolate/-/d3-interpolate-2.0.1.tgz",
          "integrity": "sha512-c5UhwwTs/yybcmTpAVqwSFl6vrQ8JZJoT5F7xNFK9pymv5C0Ymcc9/LIJHtYIggg/yS9YHw8i8O8tgb9pupjeQ==",
          "requires": {
            "d3-color": "1 - 2"
          }
        },
        "d3-scale": {
          "version": "3.3.0",
          "resolved": "https://registry.npmjs.org/d3-scale/-/d3-scale-3.3.0.tgz",
          "integrity": "sha512-1JGp44NQCt5d1g+Yy+GeOnZP7xHo0ii8zsQp6PGzd+C1/dl0KGsp9A7Mxwp+1D1o4unbTTxVdU/ZOIEBoeZPbQ==",
          "requires": {
            "d3-array": "^2.3.0",
            "d3-format": "1 - 2",
            "d3-interpolate": "1.2.0 - 2",
            "d3-time": "^2.1.1",
            "d3-time-format": "2 - 3"
          }
        },
        "d3-shape": {
          "version": "2.1.0",
          "resolved": "https://registry.npmjs.org/d3-shape/-/d3-shape-2.1.0.tgz",
          "integrity": "sha512-PnjUqfM2PpskbSLTJvAzp2Wv4CZsnAgTfcVRTwW03QR3MkXF8Uo7B1y/lWkAsmbKwuecto++4NlsYcvYpXpTHA==",
          "requires": {
            "d3-path": "1 - 2"
          }
        },
        "d3-time": {
          "version": "2.1.1",
          "resolved": "https://registry.npmjs.org/d3-time/-/d3-time-2.1.1.tgz",
          "integrity": "sha512-/eIQe/eR4kCQwq7yxi7z4c6qEXf2IYGcjoWB5OOQy4Tq9Uv39/947qlDcN2TLkiTzQWzvnsuYPB9TrWaNfipKQ==",
          "requires": {
            "d3-array": "2"
          }
        },
        "react-is": {
          "version": "16.10.2",
          "resolved": "https://registry.npmjs.org/react-is/-/react-is-16.10.2.tgz",
          "integrity": "sha512-INBT1QEgtcCCgvccr5/86CfD71fw9EPmDxgiJX4I2Ddr6ZsV6iFXsuby+qWJPtmNuMY0zByTsG4468P7nHuNWA=="
        }
      }
    },
    "recharts-scale": {
      "version": "0.4.5",
      "resolved": "https://registry.npmjs.org/recharts-scale/-/recharts-scale-0.4.5.tgz",
      "integrity": "sha512-kivNFO+0OcUNu7jQquLXAxz1FIwZj8nrj+YkOKc5694NbjCvcT6aSZiIzNzd2Kul4o4rTto8QVR9lMNtxD4G1w==",
      "requires": {
        "decimal.js-light": "^2.4.1"
      }
    },
    "reduce-css-calc": {
      "version": "2.1.8",
      "resolved": "https://registry.npmjs.org/reduce-css-calc/-/reduce-css-calc-2.1.8.tgz",
      "integrity": "sha512-8liAVezDmUcH+tdzoEGrhfbGcP7nOV4NkGE3a74+qqvE7nt9i4sKLGBuZNOnpI4WiGksiNPklZxva80061QiPg==",
      "requires": {
        "css-unit-converter": "^1.1.1",
        "postcss-value-parser": "^3.3.0"
      }
    },
    "regenerator-runtime": {
      "version": "0.13.7",
      "resolved": "https://registry.npmjs.org/regenerator-runtime/-/regenerator-runtime-0.13.7.tgz",
      "integrity": "sha512-a54FxoJDIr27pgf7IgeQGxmqUNYrcV338lf/6gH456HZ/PhX+5BcwHXG9ajESmwe6WRO0tAzRUrRmNONWgkrew=="
    },
    "resize-observer-polyfill": {
      "version": "1.5.1",
      "resolved": "https://registry.npmjs.org/resize-observer-polyfill/-/resize-observer-polyfill-1.5.1.tgz",
      "integrity": "sha512-LwZrotdHOo12nQuZlHEmtuXdqGoOD0OhaxopaNFxWzInpEgaLWoVuAMbTzixuosCx2nEG58ngzW3vxdWoxIgdg=="
    },
    "scheduler": {
      "version": "0.19.1",
      "resolved": "https://registry.npmjs.org/scheduler/-/scheduler-0.19.1.tgz",
      "integrity": "sha512-n/zwRWRYSUj0/3g/otKDRPMh6qv2SYMWNq85IEa8iZyAv8od9zDYpGSnpBEjNgcMNq6Scbu5KfIPxNF72R/2EA==",
      "requires": {
        "loose-envify": "^1.1.0",
        "object-assign": "^4.1.1"
      }
    },
    "victory": {
      "version": "35.6.0",
      "resolved": "https://registry.npmjs.org/victory/-/victory-35.6.0.tgz",
      "integrity": "sha512-oSnKxMkGC6VY2xATDUc9NBnzkTPAukfBL3PsYTC1bWhREFfME8wJ4TKTadsAvhmM4syghPvtwSPuuRGGdhOcyA==",
      "requires": {
        "victory-area": "^35.6.0",
        "victory-axis": "^35.6.0",
        "victory-bar": "^35.6.0",
        "victory-box-plot": "^35.6.0",
        "victory-brush-container": "^35.6.0",
        "victory-brush-line": "^35.6.0",
        "victory-candlestick": "^35.6.0",
        "victory-chart": "^35.6.0",
        "victory-core": "^35.6.0",
        "victory-create-container": "^35.6.0",
        "victory-cursor-container": "^35.6.0",
        "victory-errorbar": "^35.6.0",
        "victory-group": "^35.6.0",
        "victory-histogram": "^35.6.0",
        "victory-legend": "^35.6.0",
        "victory-line": "^35.6.0",
        "victory-pie": "^35.6.0",
        "victory-polar-axis": "^35.6.0",
        "victory-scatter": "^35.6.0",
        "victory-selection-container": "^35.6.0",
        "victory-shared-events": "^35.6.0",
        "victory-stack": "^35.6.0",
        "victory-tooltip": "^35.6.0",
        "victory-voronoi": "^35.6.0",
        "victory-voronoi-container": "^35.6.0",
        "victory-zoom-container": "^35.6.0"
      }
    },
    "victory-area": {
      "version": "35.6.0",
      "resolved": "https://registry.npmjs.org/victory-area/-/victory-area-35.6.0.tgz",
      "integrity": "sha512-hjTPjDYT2RWQz5+hjxBHiKALgQPF5MYLCM+U06Br33s/OsfmLrqmR69Ff22ryBBDnQ/LMzDTUjNW13fsPunPfQ==",
      "requires": {
        "d3-shape": "^1.2.0",
        "lodash": "^4.17.19",
        "prop-types": "^15.5.8",
        "victory-core": "^35.6.0"
      }
    },
    "victory-axis": {
      "version": "35.6.0",
      "resolved": "https://registry.npmjs.org/victory-axis/-/victory-axis-35.6.0.tgz",
      "integrity": "sha512-LsfPQw5Dxffn+xZPI42Ie0PkI7SA0yzyfv2k61EyVA2qOIJQpOXpC8Z/KGLXKGXlwIDMEWl7e8ze8lmWYJTP3g==",
      "requires": {
        "lodash": "^4.17.19",
        "prop-types": "^15.5.8",
        "victory-core": "^35.6.0"
      }
    },
    "victory-bar": {
      "version": "35.6.0",
      "resolved": "https://registry.npmjs.org/victory-bar/-/victory-bar-35.6.0.tgz",
      "integrity": "sha512-X0R5orAVlURlDIrEpwzPETF8r04VGVjq4Bz5ZnY6uLb8B2Tg4tzEYr578/owBOGxH60+suInz7TDjQ6gXUxucA==",
      "requires": {
        "d3-shape": "^1.2.0",
        "lodash": "^4.17.19",
        "prop-types": "^15.5.8",
        "victory-core": "^35.6.0"
      }
    },
    "victory-box-plot": {
      "version": "35.6.0",
      "resolved": "https://registry.npmjs.org/victory-box-plot/-/victory-box-plot-35.6.0.tgz",
      "integrity": "sha512-1W58TmgHqTDZGzGjF81rhEzX7Qk9N0ymTj7MwggzZFVVh3VQAoOVts4rW0lL02tpim6O30f2IwqEKbOmHGltXA==",
      "requires": {
        "d3-array": "^1.2.0",
        "lodash": "^4.17.19",
        "prop-types": "^15.5.8",
        "victory-core": "^35.6.0"
      }
    },
    "victory-brush-container": {
      "version": "35.6.0",
      "resolved": "https://registry.npmjs.org/victory-brush-container/-/victory-brush-container-35.6.0.tgz",
      "integrity": "sha512-c1IYV+dKEBkW9NgwzwCenTSD439TLBk49Wu34at9NoRo3c8Q+kE0KCTAapNT4/MWoTX3zCJAPdHKE+hgq79qdg==",
      "requires": {
        "lodash": "^4.17.19",
        "prop-types": "^15.5.8",
        "react-fast-compare": "^2.0.0",
        "victory-core": "^35.6.0"
      }
    },
    "victory-brush-line": {
      "version": "35.6.0",
      "resolved": "https://registry.npmjs.org/victory-brush-line/-/victory-brush-line-35.6.0.tgz",
      "integrity": "sha512-6RJlpQBNhHvmQEMmcjoDe6binJnQmDn7tLWrGEMYxqqIGrsRxZTv0GcxBKhDM8xvp3g3k81zBVkLbqH3fIQp8w==",
      "requires": {
        "lodash": "^4.17.19",
        "prop-types": "^15.5.8",
        "react-fast-compare": "^2.0.0",
        "victory-core": "^35.6.0"
      }
    },
    "victory-candlestick": {
      "version": "35.6.0",
      "resolved": "https://registry.npmjs.org/victory-candlestick/-/victory-candlestick-35.6.0.tgz",
      "integrity": "sha512-jblELJiLrVMmOHx9XnRWoD51IsKvoxcFq46QXF496i6F9cl2YVZpYGYFvRaFMizyD1zPhdssDfj3FIprPaFkMA==",
      "requires": {
        "lodash": "^4.17.19",
        "prop-types": "^15.5.8",
        "victory-core": "^35.6.0"
      }
    },
    "victory-chart": {
      "version": "35.6.0",
      "resolved": "https://registry.npmjs.org/victory-chart/-/victory-chart-35.6.0.tgz",
      "integrity": "sha512-cB+w8euHoafsBOWy7+QH3IfxTtBSfdqbBhC5Gsko30pYM5LmKGYag/QNdYLFYpN352CeS6Kk/a+rIQbsmnGUEw==",
      "requires": {
        "lodash": "^4.17.19",
        "prop-types": "^15.5.8",
        "react-fast-compare": "^2.0.0",
        "victory-axis": "^35.6.0",
        "victory-core": "^35.6.0",
        "victory-polar-axis": "^35.6.0",
        "victory-shared-events": "^35.6.0"
      }
    },
    "victory-core": {
      "version": "35.6.0",
      "resolved": "https://registry.npmjs.org/victory-core/-/victory-core-35.6.0.tgz",
      "integrity": "sha512-KexnqzHeVMT2BV2eGGhP9KZhRyivZ6hPbm2NOUkcNaX+NxjiAdYbDYRQSxTbpORCDdI+igyVNceAwX40Y9B6Mw==",
      "requires": {
        "d3-ease": "^1.0.0",
        "d3-interpolate": "^1.1.1",
        "d3-scale": "^1.0.0",
        "d3-shape": "^1.2.0",
        "d3-timer": "^1.0.0",
        "lodash": "^4.17.21",
        "prop-types": "^15.5.8",
        "react-fast-compare": "^2.0.0"
      }
    },
    "victory-create-container": {
      "version": "35.6.0",
      "resolved": "https://registry.npmjs.org/victory-create-container/-/victory-create-container-35.6.0.tgz",
      "integrity": "sha512-9kYPCAUvfiM+7j11r5mhShiW9pfCT8aR84v78jpOUt2a5lAs6Ni8sUddmrVwc4POMFNn/B2Mb/Gqn+rI141Jdw==",
      "requires": {
        "lodash": "^4.17.19",
        "victory-brush-container": "^35.6.0",
        "victory-core": "^35.6.0",
        "victory-cursor-container": "^35.6.0",
        "victory-selection-container": "^35.6.0",
        "victory-voronoi-container": "^35.6.0",
        "victory-zoom-container": "^35.6.0"
      }
    },
    "victory-cursor-container": {
      "version": "35.6.0",
      "resolved": "https://registry.npmjs.org/victory-cursor-container/-/victory-cursor-container-35.6.0.tgz",
      "integrity": "sha512-yFQaW6mOl+ZU/ajMSS4SVgbcTwpNgLks8VKyEV+3B4VkqcIpk4ZORWf8duN66p2tv3FGnsvf24u911OoD7jsdA==",
      "requires": {
        "lodash": "^4.17.19",
        "prop-types": "^15.5.8",
        "victory-core": "^35.6.0"
      }
    },
    "victory-errorbar": {
      "version": "35.6.0",
      "resolved": "https://registry.npmjs.org/victory-errorbar/-/victory-errorbar-35.6.0.tgz",
      "integrity": "sha512-W0LHwSigLcUfHUEi8ouTJVL9yyQkuaR1/zYZU2DAdJ29oaPolf59F0J+TOM+ScVjmpMsDa58itJYVk49EfZg/w==",
      "requires": {
        "lodash": "^4.17.19",
        "prop-types": "^15.5.8",
        "victory-core": "^35.6.0"
      }
    },
    "victory-group": {
      "version": "35.6.0",
      "resolved": "https://registry.npmjs.org/victory-group/-/victory-group-35.6.0.tgz",
      "integrity": "sha512-MTMIyXSMboqnzRsJX8FNpApW4sJsFGNBYjeU3M9ATd+6N1qZiK9562SuqxCLI46YQXuWStRFiz7kc/8t/tw1Jw==",
      "requires": {
        "lodash": "^4.17.19",
        "prop-types": "^15.5.8",
        "react-fast-compare": "^2.0.0",
        "victory-core": "^35.6.0",
        "victory-shared-events": "^35.6.0"
      }
    },
    "victory-histogram": {
      "version": "35.6.0",
      "resolved": "https://registry.npmjs.org/victory-histogram/-/victory-histogram-35.6.0.tgz",
      "integrity": "sha512-Brx0HqQrCZaBenbzEitnoR37AM2faM7g6YwhJH61kyQyzdcUW7cCzYgfVUE0nTVMsjDi1s8e5r/4ZXKGcD8Fow==",
      "requires": {
        "d3-array": "^2.4.0",
        "d3-scale": "^1.0.0",
        "lodash": "^4.17.19",
        "prop-types": "^15.5.8",
        "react-fast-compare": "^2.0.0",
        "victory-bar": "^35.6.0",
        "victory-core": "^35.6.0"
      },
      "dependencies": {
        "d3-array": {
          "version": "2.12.1",
          "resolved": "https://registry.npmjs.org/d3-array/-/d3-array-2.12.1.tgz",
          "integrity": "sha512-B0ErZK/66mHtEsR1TkPEEkwdy+WDesimkM5gpZr5Dsg54BiTA5RXtYW5qTLIAcekaS9xfZrzBLF/OAkB3Qn1YQ==",
          "requires": {
            "internmap": "^1.0.0"
          }
        }
      }
    },
    "victory-legend": {
      "version": "35.6.0",
      "resolved": "https://registry.npmjs.org/victory-legend/-/victory-legend-35.6.0.tgz",
      "integrity": "sha512-q4K+P7it1a9Ih3sgl92RA7etGly3BM4euVZ5otVCw9nbBy596azKCBBgoJpXHzCq89fRwL300l24JCHRLrpgXA==",
      "requires": {
        "lodash": "^4.17.19",
        "prop-types": "^15.5.8",
        "victory-core": "^35.6.0"
      }
    },
    "victory-line": {
      "version": "35.6.0",
      "resolved": "https://registry.npmjs.org/victory-line/-/victory-line-35.6.0.tgz",
      "integrity": "sha512-SOWhPZGLPx+wYRF7N3XuacjiM80LsPhVWjOouFJgg5k629lH7C1qdTp3hDOyfSUc+nR3U7hxWLq1ykSVNlyYkA==",
      "requires": {
        "d3-shape": "^1.2.0",
        "lodash": "^4.17.19",
        "prop-types": "^15.5.8",
        "victory-core": "^35.6.0"
      }
    },
    "victory-pie": {
      "version": "35.6.0",
      "resolved": "https://registry.npmjs.org/victory-pie/-/victory-pie-35.6.0.tgz",
      "integrity": "sha512-QUXNWu7u+aokkc+RaBXEpgwbDAiKeMfXktxB/CUhqXFTmhhabNmiylrtDVsyx80AIp2sxuZZ7hSkr4mNVzfzCw==",
      "requires": {
        "d3-shape": "^1.0.0",
        "lodash": "^4.17.19",
        "prop-types": "^15.5.8",
        "victory-core": "^35.6.0"
      }
    },
    "victory-polar-axis": {
      "version": "35.6.0",
      "resolved": "https://registry.npmjs.org/victory-polar-axis/-/victory-polar-axis-35.6.0.tgz",
      "integrity": "sha512-fQlyMZ2ILZt07UNAledOAMFMBN+k9vjQeIQb1/7BK1xVULyofmjsqqYu5lJUN8u7hdZ1vm7DImhKC/bwtz5Obw==",
      "requires": {
        "lodash": "^4.17.19",
        "prop-types": "^15.5.8",
        "victory-core": "^35.6.0"
      }
    },
    "victory-scatter": {
      "version": "35.6.0",
      "resolved": "https://registry.npmjs.org/victory-scatter/-/victory-scatter-35.6.0.tgz",
      "integrity": "sha512-JVzK5EcmI4BSIZmGee5L3QPkpve7vpmVx3LkVgFoVxxOjgZA4c3m10DfpU9hNleTDO6tY6Oq4un2xqUWsiYZpQ==",
      "requires": {
        "lodash": "^4.17.19",
        "prop-types": "^15.5.8",
        "victory-core": "^35.6.0"
      }
    },
    "victory-selection-container": {
      "version": "35.6.0",
      "resolved": "https://registry.npmjs.org/victory-selection-container/-/victory-selection-container-35.6.0.tgz",
      "integrity": "sha512-6zD+D1MGOHjK23lLvnss41HE+BN9sqvt47zPAEbiCoU5PhgfMrGSic3g41akoriVQwQO3m1OFhMWkeM9rwhlbA==",
      "requires": {
        "lodash": "^4.17.19",
        "prop-types": "^15.5.8",
        "victory-core": "^35.6.0"
      }
    },
    "victory-shared-events": {
      "version": "35.6.0",
      "resolved": "https://registry.npmjs.org/victory-shared-events/-/victory-shared-events-35.6.0.tgz",
      "integrity": "sha512-/WNyH54ETsmFVi4yuahiLwtHrJ8a8LbWytL9QIJ8dMq5g2UxkaWjqwn95HFfQeSY5K87IOLKTOfY+mFxlKdrfg==",
      "requires": {
        "json-stringify-safe": "^5.0.1",
        "lodash": "^4.17.19",
        "prop-types": "^15.5.8",
        "react-fast-compare": "^2.0.0",
        "victory-core": "^35.6.0"
      }
    },
    "victory-stack": {
      "version": "35.6.0",
      "resolved": "https://registry.npmjs.org/victory-stack/-/victory-stack-35.6.0.tgz",
      "integrity": "sha512-Xs8rLqsj8TrARvsBpefPLRykesSVBE5j9PiSEDs+Kqn9kCp6HxA/gD5ZA8jWeKYzPUWZVdclnP0VhMx1doGfxQ==",
      "requires": {
        "lodash": "^4.17.19",
        "prop-types": "^15.5.8",
        "react-fast-compare": "^2.0.0",
        "victory-core": "^35.6.0",
        "victory-shared-events": "^35.6.0"
      }
    },
    "victory-tooltip": {
      "version": "35.6.0",
      "resolved": "https://registry.npmjs.org/victory-tooltip/-/victory-tooltip-35.6.0.tgz",
      "integrity": "sha512-delOr3G6p22y/5Leke2yuPStHq84/CYtujUpHEbA2efGLYQsebiTxU+QQdIzYSmhYptrlVmbRsXjpoMul8dE2A==",
      "requires": {
        "lodash": "^4.17.19",
        "prop-types": "^15.5.8",
        "victory-core": "^35.6.0"
      }
    },
    "victory-voronoi": {
      "version": "35.6.0",
      "resolved": "https://registry.npmjs.org/victory-voronoi/-/victory-voronoi-35.6.0.tgz",
      "integrity": "sha512-nMxkQ9MamLepOAmQjO6J2zizvUmEoTnxOCXJm3mmbr3b/6wX2jBW4Qlfd4sx8MfwEW4TLjNHdDdhJOEn+J2ASw==",
      "requires": {
        "d3-voronoi": "^1.1.2",
        "lodash": "^4.17.19",
        "prop-types": "^15.5.8",
        "victory-core": "^35.6.0"
      }
    },
    "victory-voronoi-container": {
      "version": "35.6.0",
      "resolved": "https://registry.npmjs.org/victory-voronoi-container/-/victory-voronoi-container-35.6.0.tgz",
      "integrity": "sha512-jrXllktx6OwhGNtxrsa853KexAhIWHAyayDlQmFns9YiHq+ML0zyzvxlRz7dWc/eSr3wgVhSrFl8s9fAFWHI6w==",
      "requires": {
        "delaunay-find": "0.0.5",
        "lodash": "^4.17.19",
        "prop-types": "^15.5.8",
        "react-fast-compare": "^2.0.0",
        "victory-core": "^35.6.0",
        "victory-tooltip": "^35.6.0"
      }
    },
    "victory-zoom-container": {
      "version": "35.6.0",
      "resolved": "https://registry.npmjs.org/victory-zoom-container/-/victory-zoom-container-35.6.0.tgz",
      "integrity": "sha512-ayMKQWXVw6VeBX9G9xGq6ypCAiGGgA/Vv3ldULe9PrFoKglLsBc+gcL9oe7sgN8ZAQwoN+NKZFCGAVpwHvx1fw==",
      "requires": {
        "lodash": "^4.17.19",
        "prop-types": "^15.5.8",
        "victory-core": "^35.6.0"
      }
    }
  }
}
