{
  "name": "nr1-victory-visualizations",
  "version": "1.0.0",
  "lockfileVersion": 1,
  "requires": true,
  "dependencies": {
    "classnames": {
      "version": "2.3.1",
      "resolved": "https://registry.npmjs.org/classnames/-/classnames-2.3.1.tgz",
      "integrity": "sha512-OlQdbZ7gLfGarSqxesMesDa5uz7KFbID8Kpq/SxIoNGDqY8lSYs0D+hhtBXhcdB3rcbXArFr7vlHheLk1voeNA=="
    },
    "d3-array": {
      "version": "1.2.4",
      "resolved": "https://registry.npmjs.org/d3-array/-/d3-array-1.2.4.tgz",
      "integrity": "sha512-KHW6M86R+FUPYGb3R5XiYjXPq7VzwxZ22buHhAEVG5ztoEcZZMLov530mmccaqA1GghZArjQV46fuc8kUqhhHw=="
    },
    "d3-collection": {
      "version": "1.0.7",
      "resolved": "https://registry.npmjs.org/d3-collection/-/d3-collection-1.0.7.tgz",
      "integrity": "sha512-ii0/r5f4sjKNTfh84Di+DpztYwqKhEyUlKoPrzUFfeSkWxjW49xU2QzO9qrPrNkpdI0XJkfzvmTu8V2Zylln6A=="
    },
    "d3-color": {
      "version": "1.4.1",
      "resolved": "https://registry.npmjs.org/d3-color/-/d3-color-1.4.1.tgz",
      "integrity": "sha512-p2sTHSLCJI2QKunbGb7ocOh7DgTAn8IrLx21QRc/BSnodXM4sv6aLQlnfpvehFMLZEfBc6g9pH9SWQccFYfJ9Q=="
    },
    "d3-ease": {
      "version": "1.0.7",
      "resolved": "https://registry.npmjs.org/d3-ease/-/d3-ease-1.0.7.tgz",
      "integrity": "sha512-lx14ZPYkhNx0s/2HX5sLFUI3mbasHjSSpwO/KaaNACweVwxUruKyWVcb293wMv1RqTPZyZ8kSZ2NogUZNcLOFQ=="
    },
    "d3-format": {
      "version": "1.4.5",
      "resolved": "https://registry.npmjs.org/d3-format/-/d3-format-1.4.5.tgz",
      "integrity": "sha512-J0piedu6Z8iB6TbIGfZgDzfXxUFN3qQRMofy2oPdXzQibYGqPB/9iMcxr/TGalU+2RsyDO+U4f33id8tbnSRMQ=="
    },
    "d3-interpolate": {
      "version": "1.4.0",
      "resolved": "https://registry.npmjs.org/d3-interpolate/-/d3-interpolate-1.4.0.tgz",
      "integrity": "sha512-V9znK0zc3jOPV4VD2zZn0sDhZU3WAE2bmlxdIwwQPPzPjvyLkd8B3JUVdS1IDUFDkWZ72c9qnv1GK2ZagTZ8EA==",
      "requires": {
        "d3-color": "1"
      }
    },
    "d3-path": {
      "version": "1.0.9",
      "resolved": "https://registry.npmjs.org/d3-path/-/d3-path-1.0.9.tgz",
      "integrity": "sha512-VLaYcn81dtHVTjEHd8B+pbe9yHWpXKZUC87PzoFmsFrJqgFwDe/qxfp5MlfsfM1V5E/iVt0MmEbWQ7FVIXh/bg=="
    },
    "d3-scale": {
      "version": "1.0.7",
      "resolved": "https://registry.npmjs.org/d3-scale/-/d3-scale-1.0.7.tgz",
      "integrity": "sha512-KvU92czp2/qse5tUfGms6Kjig0AhHOwkzXG0+PqIJB3ke0WUv088AHMZI0OssO9NCkXt4RP8yju9rpH8aGB7Lw==",
      "requires": {
        "d3-array": "^1.2.0",
        "d3-collection": "1",
        "d3-color": "1",
        "d3-format": "1",
        "d3-interpolate": "1",
        "d3-time": "1",
        "d3-time-format": "2"
      }
    },
    "d3-shape": {
      "version": "1.3.7",
      "resolved": "https://registry.npmjs.org/d3-shape/-/d3-shape-1.3.7.tgz",
      "integrity": "sha512-EUkvKjqPFUAZyOlhY5gzCxCeI0Aep04LwIRpsZ/mLFelJiUfnK56jo5JMDSE7yyP2kLSb6LtF+S5chMk7uqPqw==",
      "requires": {
        "d3-path": "1"
      }
    },
    "d3-time": {
      "version": "1.1.0",
      "resolved": "https://registry.npmjs.org/d3-time/-/d3-time-1.1.0.tgz",
      "integrity": "sha512-Xh0isrZ5rPYYdqhAVk8VLnMEidhz5aP7htAADH6MfzgmmicPkTo8LhkLxci61/lCB7n7UmE3bN0leRt+qvkLxA=="
    },
    "d3-time-format": {
      "version": "2.3.0",
      "resolved": "https://registry.npmjs.org/d3-time-format/-/d3-time-format-2.3.0.tgz",
      "integrity": "sha512-guv6b2H37s2Uq/GefleCDtbe0XZAuy7Wa49VGkPVPMfLL9qObgBST3lEHJBMUp8S7NdLQAGIvr2KXk8Hc98iKQ==",
      "requires": {
        "d3-time": "1"
      }
    },
    "d3-timer": {
      "version": "1.0.10",
      "resolved": "https://registry.npmjs.org/d3-timer/-/d3-timer-1.0.10.tgz",
      "integrity": "sha512-B1JDm0XDaQC+uvo4DT79H0XmBskgS3l6Ve+1SBCfxgmtIb1AVrPIoqd+nPSv+loMX8szQ0sVUhGngL7D5QPiXw=="
    },
    "d3-voronoi": {
      "version": "1.1.4",
      "resolved": "https://registry.npmjs.org/d3-voronoi/-/d3-voronoi-1.1.4.tgz",
      "integrity": "sha512-dArJ32hchFsrQ8uMiTBLq256MpnZjeuBtdHpaDlYuQyjU0CVzCJl/BVW+SkszaAeH95D/8gxqAhgx0ouAWAfRg=="
    },
    "delaunator": {
      "version": "4.0.1",
      "resolved": "https://registry.npmjs.org/delaunator/-/delaunator-4.0.1.tgz",
      "integrity": "sha512-WNPWi1IRKZfCt/qIDMfERkDp93+iZEmOxN2yy4Jg+Xhv8SLk2UTqqbe1sfiipn0and9QrE914/ihdx82Y/Giag=="
    },
    "delaunay-find": {
      "version": "0.0.6",
      "resolved": "https://registry.npmjs.org/delaunay-find/-/delaunay-find-0.0.6.tgz",
      "integrity": "sha512-1+almjfrnR7ZamBk0q3Nhg6lqSe6Le4vL0WJDSMx4IDbQwTpUTXPjxC00lqLBT8MYsJpPCbI16sIkw9cPsbi7Q==",
      "requires": {
        "delaunator": "^4.0.0"
      }
    },
    "internmap": {
      "version": "1.0.1",
      "resolved": "https://registry.npmjs.org/internmap/-/internmap-1.0.1.tgz",
      "integrity": "sha512-lDB5YccMydFBtasVtxnZ3MRBHuaoE8GKsppq+EchKL2U4nK/DmEpPHNH8MZe5HkMtpSiTSOZwfN0tzYjO/lJEw=="
    },
    "js-tokens": {
      "version": "4.0.0",
      "resolved": "https://registry.npmjs.org/js-tokens/-/js-tokens-4.0.0.tgz",
      "integrity": "sha512-RdJUflcE3cUzKiMqQgsCu06FPu9UdIJO0beYbPhHN4k6apgJtifcoCtT9bcxOpYBtpD2kCM6Sbzg4CausW/PKQ=="
    },
    "json-stringify-safe": {
      "version": "5.0.1",
      "resolved": "https://registry.npmjs.org/json-stringify-safe/-/json-stringify-safe-5.0.1.tgz",
      "integrity": "sha1-Epai1Y/UXxmg9s4B1lcB4sc1tus="
    },
    "lodash": {
      "version": "4.17.21",
      "resolved": "https://registry.npmjs.org/lodash/-/lodash-4.17.21.tgz",
      "integrity": "sha512-v2kDEe57lecTulaDIuNTPy3Ry4gLGJ6Z1O3vE1krgXZNrsQ+LFTGHVxVjcXPs17LhbZVGedAJv8XZ1tvj5FvSg=="
    },
    "loose-envify": {
      "version": "1.4.0",
      "resolved": "https://registry.npmjs.org/loose-envify/-/loose-envify-1.4.0.tgz",
      "integrity": "sha512-lyuxPGr/Wfhrlem2CL/UcnUc1zcqKAImBDzukY7Y5F/yQiNdko6+fRLevlw1HgMySw7f611UIY408EtxRSoK3Q==",
      "requires": {
        "js-tokens": "^3.0.0 || ^4.0.0"
      }
    },
    "object-assign": {
      "version": "4.1.1",
      "resolved": "https://registry.npmjs.org/object-assign/-/object-assign-4.1.1.tgz",
      "integrity": "sha1-IQmtx5ZYh8/AXLvUQsrIv7s2CGM="
    },
    "prettier": {
      "version": "2.3.0",
      "resolved": "https://registry.npmjs.org/prettier/-/prettier-2.3.0.tgz",
      "integrity": "sha512-kXtO4s0Lz/DW/IJ9QdWhAf7/NmPWQXkFr/r/WkR3vyI+0v8amTDxiaQSLzs8NBlytfLWX/7uQUMIW677yLKl4w==",
      "dev": true
    },
    "prop-types": {
      "version": "15.7.2",
      "resolved": "https://registry.npmjs.org/prop-types/-/prop-types-15.7.2.tgz",
      "integrity": "sha512-8QQikdH7//R2vurIJSutZ1smHYTcLpRWEOlHnzcWHmBYrOGUysKwSsrC89BCiFj3CbrfJ/nXFdJepOVrY1GCHQ==",
      "requires": {
        "loose-envify": "^1.4.0",
        "object-assign": "^4.1.1",
        "react-is": "^16.8.1"
      }
    },
    "react": {
      "version": "16.14.0",
      "resolved": "https://registry.npmjs.org/react/-/react-16.14.0.tgz",
      "integrity": "sha512-0X2CImDkJGApiAlcf0ODKIneSwBPhqJawOa5wCtKbu7ZECrmS26NvtSILynQ66cgkT/RJ4LidJOc3bUESwmU8g==",
      "requires": {
        "loose-envify": "^1.1.0",
        "object-assign": "^4.1.1",
        "prop-types": "^15.6.2"
      }
    },
    "react-dom": {
      "version": "16.14.0",
      "resolved": "https://registry.npmjs.org/react-dom/-/react-dom-16.14.0.tgz",
      "integrity": "sha512-1gCeQXDLoIqMgqD3IO2Ah9bnf0w9kzhwN5q4FGnHZ67hBm9yePzB5JJAIQCc8x3pFnNlwFq4RidZggNAAkzWWw==",
      "requires": {
        "loose-envify": "^1.1.0",
        "object-assign": "^4.1.1",
        "prop-types": "^15.6.2",
        "scheduler": "^0.19.1"
      }
    },
    "react-fast-compare": {
      "version": "2.0.4",
      "resolved": "https://registry.npmjs.org/react-fast-compare/-/react-fast-compare-2.0.4.tgz",
      "integrity": "sha512-suNP+J1VU1MWFKcyt7RtjiSWUjvidmQSlqu+eHslq+342xCbGTYmC0mEhPCOHxlW0CywylOC1u2DFAT+bv4dBw=="
    },
    "react-is": {
      "version": "16.13.1",
      "resolved": "https://registry.npmjs.org/react-is/-/react-is-16.13.1.tgz",
      "integrity": "sha512-24e6ynE2H+OKt4kqsOvNd8kBpV65zoxbA4BVsEOB3ARVWQki/DHzaUoC5KuON/BiccDaCCTZBuOcfZs70kR8bQ=="
    },
    "scheduler": {
      "version": "0.19.1",
      "resolved": "https://registry.npmjs.org/scheduler/-/scheduler-0.19.1.tgz",
      "integrity": "sha512-n/zwRWRYSUj0/3g/otKDRPMh6qv2SYMWNq85IEa8iZyAv8od9zDYpGSnpBEjNgcMNq6Scbu5KfIPxNF72R/2EA==",
      "requires": {
        "loose-envify": "^1.1.0",
        "object-assign": "^4.1.1"
      }
    },
    "victory": {
      "version": "35.8.0",
      "resolved": "https://registry.npmjs.org/victory/-/victory-35.8.0.tgz",
      "integrity": "sha512-+8UjlMNsPizbzdsQsu4biStlut5F9YxolENCV/onecjtuvlH1D/zIyYmelLhzs4wwzPat0IeAU1eEuUX3226Cg==",
      "requires": {
        "victory-area": "^35.8.0",
        "victory-axis": "^35.8.0",
        "victory-bar": "^35.8.0",
        "victory-box-plot": "^35.8.0",
        "victory-brush-container": "^35.8.0",
        "victory-brush-line": "^35.8.0",
        "victory-candlestick": "^35.8.0",
        "victory-chart": "^35.8.0",
        "victory-core": "^35.8.0",
        "victory-create-container": "^35.8.0",
        "victory-cursor-container": "^35.8.0",
        "victory-errorbar": "^35.8.0",
        "victory-group": "^35.8.0",
        "victory-histogram": "^35.8.0",
        "victory-legend": "^35.8.0",
        "victory-line": "^35.8.0",
        "victory-pie": "^35.8.0",
        "victory-polar-axis": "^35.8.0",
        "victory-scatter": "^35.8.0",
        "victory-selection-container": "^35.8.0",
        "victory-shared-events": "^35.8.0",
        "victory-stack": "^35.8.0",
        "victory-tooltip": "^35.8.0",
        "victory-voronoi": "^35.8.0",
        "victory-voronoi-container": "^35.8.0",
        "victory-zoom-container": "^35.8.0"
      }
    },
    "victory-area": {
      "version": "35.8.0",
      "resolved": "https://registry.npmjs.org/victory-area/-/victory-area-35.8.0.tgz",
      "integrity": "sha512-3hnz//WpbkjxDSEzq2oy53mPUz9S8W2cBkyWfiqqcIFzFGEBjXZ2iX7srX6soRAlQ6v7GLMGlar4StoKe9A15A==",
      "requires": {
        "d3-shape": "^1.2.0",
        "lodash": "^4.17.19",
        "prop-types": "^15.5.8",
        "victory-core": "^35.8.0"
      }
    },
    "victory-axis": {
      "version": "35.8.0",
      "resolved": "https://registry.npmjs.org/victory-axis/-/victory-axis-35.8.0.tgz",
      "integrity": "sha512-RC2Oewzb0XMSaVrQuhXmO1vOqg/hzNiu1aFWGxL4Vdc6Q1gcnn3cxqJcXtmPBAWFxM7Q2somYuFPYEDpALQK4A==",
      "requires": {
        "lodash": "^4.17.19",
        "prop-types": "^15.5.8",
        "victory-core": "^35.8.0"
      }
    },
    "victory-bar": {
      "version": "35.8.0",
      "resolved": "https://registry.npmjs.org/victory-bar/-/victory-bar-35.8.0.tgz",
      "integrity": "sha512-go5VyoG9CbPe9a/8dU9oAQHI1lS+UAvFfbN8yyh/0dZ96cbHYC+dUGneYikSj13S6pttWG4jjwil1Ah9aaQfZQ==",
      "requires": {
        "d3-shape": "^1.2.0",
        "lodash": "^4.17.19",
        "prop-types": "^15.5.8",
        "victory-core": "^35.8.0"
      }
    },
    "victory-box-plot": {
      "version": "35.8.0",
      "resolved": "https://registry.npmjs.org/victory-box-plot/-/victory-box-plot-35.8.0.tgz",
      "integrity": "sha512-p0S0blC0tE8OLd0IsvAgpB2LGeMkOf7mbjUmcsapLw7kiv/bCyrxO6yZwO9MNCAIK3DbM3qNggLn6dz8GrI39g==",
      "requires": {
        "d3-array": "^1.2.0",
        "lodash": "^4.17.19",
        "prop-types": "^15.5.8",
        "victory-core": "^35.8.0"
      }
    },
    "victory-brush-container": {
      "version": "35.8.0",
      "resolved": "https://registry.npmjs.org/victory-brush-container/-/victory-brush-container-35.8.0.tgz",
      "integrity": "sha512-jqbjD8kDcTbCiLlJi4+htHBK9aIuwTdX+VJHBoYRxeeGGacpYYzfVShlAE0uXmwvC1T1DHC1tKyQ8m+2Usl5qg==",
      "requires": {
        "lodash": "^4.17.19",
        "prop-types": "^15.5.8",
        "react-fast-compare": "^2.0.0",
        "victory-core": "^35.8.0"
      }
    },
    "victory-brush-line": {
      "version": "35.8.0",
      "resolved": "https://registry.npmjs.org/victory-brush-line/-/victory-brush-line-35.8.0.tgz",
      "integrity": "sha512-auPcAq2Td9iMwhSNENCqqZguo1IbJW5tsK/ZUgHaNt/owR7hofwzCjbmSLd6Ro73za0qMnKRzm4twgRM2wuwkg==",
      "requires": {
        "lodash": "^4.17.19",
        "prop-types": "^15.5.8",
        "react-fast-compare": "^2.0.0",
        "victory-core": "^35.8.0"
      }
    },
    "victory-candlestick": {
      "version": "35.8.0",
      "resolved": "https://registry.npmjs.org/victory-candlestick/-/victory-candlestick-35.8.0.tgz",
      "integrity": "sha512-IhP3xxikQ7In53RtB1CFzsaAYPbd2b8RgjZb6rOdHOXovyAby8QBLcwDRecN8m861389O4Xjfa6afkbU4/QtXw==",
      "requires": {
        "lodash": "^4.17.19",
        "prop-types": "^15.5.8",
        "victory-core": "^35.8.0"
      }
    },
    "victory-chart": {
      "version": "35.8.0",
      "resolved": "https://registry.npmjs.org/victory-chart/-/victory-chart-35.8.0.tgz",
      "integrity": "sha512-ZkWMjDBh/pLxr/eM6XJ05xj3sXTiEoYXABpsQpzooTwvAlENxeZ3mdXnnckLJUUGD5X+49ZuF54+Het4VjZcaQ==",
      "requires": {
        "lodash": "^4.17.19",
        "prop-types": "^15.5.8",
        "react-fast-compare": "^2.0.0",
        "victory-axis": "^35.8.0",
        "victory-core": "^35.8.0",
        "victory-polar-axis": "^35.8.0",
        "victory-shared-events": "^35.8.0"
      }
    },
    "victory-core": {
      "version": "35.8.0",
      "resolved": "https://registry.npmjs.org/victory-core/-/victory-core-35.8.0.tgz",
      "integrity": "sha512-Af+jWKQxu1hSujLLUoRbNSRzrBVMoS3igRm84RQX/e8qxE0FI7GjUq7W7VtEqp6jsVWnQxnNjv0L0MYb+BSbAA==",
      "requires": {
        "d3-ease": "^1.0.0",
        "d3-interpolate": "^1.1.1",
        "d3-scale": "^1.0.0",
        "d3-shape": "^1.2.0",
        "d3-timer": "^1.0.0",
        "lodash": "^4.17.21",
        "prop-types": "^15.5.8",
        "react-fast-compare": "^2.0.0"
      }
    },
    "victory-create-container": {
      "version": "35.8.0",
      "resolved": "https://registry.npmjs.org/victory-create-container/-/victory-create-container-35.8.0.tgz",
      "integrity": "sha512-UD7lReiVKeNtK9fCHKv9XW8c+xlBNf6O2NTFVwciaaAHPN0hUlhAlT1RGPYvid0+F/dJ6HEQZwD7vO+Utmn3xA==",
      "requires": {
        "lodash": "^4.17.19",
        "victory-brush-container": "^35.8.0",
        "victory-core": "^35.8.0",
        "victory-cursor-container": "^35.8.0",
        "victory-selection-container": "^35.8.0",
        "victory-voronoi-container": "^35.8.0",
        "victory-zoom-container": "^35.8.0"
      }
    },
    "victory-cursor-container": {
      "version": "35.8.0",
      "resolved": "https://registry.npmjs.org/victory-cursor-container/-/victory-cursor-container-35.8.0.tgz",
      "integrity": "sha512-E2ji/UQxnIRGbwQO6p+HfliLJZvGE/2YQhktdqV4gngMNePpz3oua5z/jFJNtQa0bICvsgx/7R+pesDUNkw4yg==",
      "requires": {
        "lodash": "^4.17.19",
        "prop-types": "^15.5.8",
        "victory-core": "^35.8.0"
      }
    },
    "victory-errorbar": {
      "version": "35.8.0",
      "resolved": "https://registry.npmjs.org/victory-errorbar/-/victory-errorbar-35.8.0.tgz",
      "integrity": "sha512-YTUYDjNrvt4hqKlUeES5fkV+RyqOC0xHn8UxBPQdnXNsfs6+km2BPXB0xM2VZytPXr8mboaDI2McpHamh4iW5Q==",
      "requires": {
        "lodash": "^4.17.19",
        "prop-types": "^15.5.8",
        "victory-core": "^35.8.0"
      }
    },
    "victory-group": {
      "version": "35.8.0",
      "resolved": "https://registry.npmjs.org/victory-group/-/victory-group-35.8.0.tgz",
      "integrity": "sha512-n+e64KSqyHSssHJ+WqLer5SooJUeFerUJ6RRCszdwC/NaWqKXKfdABb0whCyZsgiy1Vi7wJ2ynuF+7J7u4WeSQ==",
      "requires": {
        "lodash": "^4.17.19",
        "prop-types": "^15.5.8",
        "react-fast-compare": "^2.0.0",
        "victory-core": "^35.8.0",
        "victory-shared-events": "^35.8.0"
      }
    },
    "victory-histogram": {
      "version": "35.8.0",
      "resolved": "https://registry.npmjs.org/victory-histogram/-/victory-histogram-35.8.0.tgz",
      "integrity": "sha512-F2Wc0QeDzXSr6JTngVRQnPpbsmTUda/tSy9kc/aW/2gLdQr5v9HBhAjsRnN1VLuNiTtfHs2kCak9P3vciVwvgg==",
      "requires": {
        "d3-array": "^2.4.0",
        "d3-scale": "^1.0.0",
        "lodash": "^4.17.19",
        "prop-types": "^15.5.8",
        "react-fast-compare": "^2.0.0",
        "victory-bar": "^35.8.0",
        "victory-core": "^35.8.0"
      },
      "dependencies": {
        "d3-array": {
          "version": "2.12.1",
          "resolved": "https://registry.npmjs.org/d3-array/-/d3-array-2.12.1.tgz",
          "integrity": "sha512-B0ErZK/66mHtEsR1TkPEEkwdy+WDesimkM5gpZr5Dsg54BiTA5RXtYW5qTLIAcekaS9xfZrzBLF/OAkB3Qn1YQ==",
          "requires": {
            "internmap": "^1.0.0"
          }
        }
      }
    },
    "victory-legend": {
      "version": "35.8.0",
      "resolved": "https://registry.npmjs.org/victory-legend/-/victory-legend-35.8.0.tgz",
      "integrity": "sha512-m+gwAE4elVxQS4y7olFSzBwmNpOoVllyL4r8v503fmK+J4d0hUmdnBjKHQMQOz8sBIW/WM2Cigp1QoqwGTk/8Q==",
      "requires": {
        "lodash": "^4.17.19",
        "prop-types": "^15.5.8",
        "victory-core": "^35.8.0"
      }
    },
    "victory-line": {
      "version": "35.8.0",
      "resolved": "https://registry.npmjs.org/victory-line/-/victory-line-35.8.0.tgz",
      "integrity": "sha512-Q2Cv3PXHg76SRhWp2AUoGmMVynj4+CEP1HjPgF8Ne/ic+GQjBFxrr2ZUe5BGqiqBqHilwUXlc1IWFEvhwyJj+Q==",
      "requires": {
        "d3-shape": "^1.2.0",
        "lodash": "^4.17.19",
        "prop-types": "^15.5.8",
        "victory-core": "^35.8.0"
      }
    },
    "victory-pie": {
      "version": "35.8.0",
      "resolved": "https://registry.npmjs.org/victory-pie/-/victory-pie-35.8.0.tgz",
      "integrity": "sha512-8lL/Ymu5ZTjpQksJqznpjHvMo1RP1ubOnRGxYHvTvPz05RnTtw0/c+4rflB0EIqEf7aTdBP7/ecw2K+a5wsVYQ==",
      "requires": {
        "d3-shape": "^1.0.0",
        "lodash": "^4.17.19",
        "prop-types": "^15.5.8",
        "victory-core": "^35.8.0"
      }
    },
    "victory-polar-axis": {
      "version": "35.8.0",
      "resolved": "https://registry.npmjs.org/victory-polar-axis/-/victory-polar-axis-35.8.0.tgz",
      "integrity": "sha512-jD2PBMSElJDWRM/9ZTPpJiCcFMXtcOxKJ4nDg90+XP48GQL3GIoRBC/rds7ZP/KrIVAez0vfwkBc4fw2uvNZnA==",
      "requires": {
        "lodash": "^4.17.19",
        "prop-types": "^15.5.8",
        "victory-core": "^35.8.0"
      }
    },
    "victory-scatter": {
      "version": "35.8.0",
      "resolved": "https://registry.npmjs.org/victory-scatter/-/victory-scatter-35.8.0.tgz",
      "integrity": "sha512-TeZMk4QY2wUuoTBqkwR3IcXpEGc9IwcovCFfkc7HWMqqSdhUiG17jAXUfMXPzW51dTlFU4lYWV5+13Q0SMrrFg==",
      "requires": {
        "lodash": "^4.17.19",
        "prop-types": "^15.5.8",
        "victory-core": "^35.8.0"
      }
    },
    "victory-selection-container": {
      "version": "35.8.0",
      "resolved": "https://registry.npmjs.org/victory-selection-container/-/victory-selection-container-35.8.0.tgz",
      "integrity": "sha512-U+6iG2xHSk9WGpAptzfGjcVV8b8kb6hT3ifMofoC6WE1FsL1cccseUxBz5mHCKKFcFjJMXazxqNHbb5EWb1NRw==",
      "requires": {
        "lodash": "^4.17.19",
        "prop-types": "^15.5.8",
        "victory-core": "^35.8.0"
      }
    },
    "victory-shared-events": {
      "version": "35.8.0",
      "resolved": "https://registry.npmjs.org/victory-shared-events/-/victory-shared-events-35.8.0.tgz",
      "integrity": "sha512-TUqgchHzHL2TbIzIJeY40EGtswSxyagomYbCny8gOlZBYwTBdWOTP2HEWNGdvbCqrSqn3xi2iyNJ5pp6L5ynLw==",
      "requires": {
        "json-stringify-safe": "^5.0.1",
        "lodash": "^4.17.19",
        "prop-types": "^15.5.8",
        "react-fast-compare": "^2.0.0",
        "victory-core": "^35.8.0"
      }
    },
    "victory-stack": {
      "version": "35.8.0",
      "resolved": "https://registry.npmjs.org/victory-stack/-/victory-stack-35.8.0.tgz",
      "integrity": "sha512-vH0Q3/YWZP3gjkcgmlzFOkflrLEqDZxPTDsVFK+G4jgUpAbAk1IDsQt6Ykr84cj8NcDtFyKCGKBfGph9SLruXA==",
      "requires": {
        "lodash": "^4.17.19",
        "prop-types": "^15.5.8",
        "react-fast-compare": "^2.0.0",
        "victory-core": "^35.8.0",
        "victory-shared-events": "^35.8.0"
      }
    },
    "victory-tooltip": {
      "version": "35.8.0",
      "resolved": "https://registry.npmjs.org/victory-tooltip/-/victory-tooltip-35.8.0.tgz",
      "integrity": "sha512-dvHhsn6/LPJc6qoAO70+KbEtkgMTwwMUihTUtmSNPfzOXK8ExyJyoxGG1NGITnCCsHuHCX0qtXpWKp+opTZexw==",
      "requires": {
        "lodash": "^4.17.19",
        "prop-types": "^15.5.8",
        "victory-core": "^35.8.0"
      }
    },
    "victory-voronoi": {
      "version": "35.8.0",
      "resolved": "https://registry.npmjs.org/victory-voronoi/-/victory-voronoi-35.8.0.tgz",
      "integrity": "sha512-+J95LcO/cFuJbjAXeejGqDdyk8xG+PxGgbm58XDl0sD7MXE5f8yIMGAIMQ9FO1lWwxFy3cTuvHZQKcBGvXm20A==",
      "requires": {
        "d3-voronoi": "^1.1.2",
        "lodash": "^4.17.19",
        "prop-types": "^15.5.8",
        "victory-core": "^35.8.0"
      }
    },
    "victory-voronoi-container": {
      "version": "35.8.0",
      "resolved": "https://registry.npmjs.org/victory-voronoi-container/-/victory-voronoi-container-35.8.0.tgz",
      "integrity": "sha512-qy36pJESZ+84Uud+UhSnVNjxPG8hVbLEZWkRVYb7wulYrD7kYSGGs1Jgd91fv8eSTHrYhRl45nAOOfG3KbHmpQ==",
      "requires": {
        "delaunay-find": "0.0.6",
        "lodash": "^4.17.19",
        "prop-types": "^15.5.8",
        "react-fast-compare": "^2.0.0",
        "victory-core": "^35.8.0",
        "victory-tooltip": "^35.8.0"
      }
    },
    "victory-zoom-container": {
      "version": "35.8.0",
      "resolved": "https://registry.npmjs.org/victory-zoom-container/-/victory-zoom-container-35.8.0.tgz",
      "integrity": "sha512-ZFAxKRUKYhrN+e5ZpLqeHQcV+bw0B5QzXt/vlYCUsiJ7Mt8ukyK9MdsNWXSDZ4pLa40DScOOYo4QY/7oBmUyKw==",
      "requires": {
        "lodash": "^4.17.19",
        "prop-types": "^15.5.8",
        "victory-core": "^35.8.0"
      }
    }
  }
}

